
Microsoft Visual Studio Solution File, Format Version 12.00
# Visual Studio Version 17
VisualStudioVersion = 17.8.34322.80
MinimumVisualStudioVersion = 10.0.40219.1
Project("{FAE04EC0-301F-11D3-BF4B-00C04F79EFBC}") = "RaptorProject", "RaptorProject\RaptorProject.csproj", "{FFDD9D1D-79A1-4990-8126-FC71B1130181}"
EndProject
Global
	GlobalSection(SolutionConfigurationPlatforms) = preSolution
		Debug|Any CPU = Debug|Any CPU
		Release|Any CPU = Release|Any CPU
	EndGlobalSection
	GlobalSection(ProjectConfigurationPlatforms) = postSolution
		{FFDD9D1D-79A1-4990-8126-FC71B1130181}.Debug|Any CPU.ActiveCfg = Debug|Any CPU
		{FFDD9D1D-79A1-4990-8126-FC71B1130181}.Debug|Any CPU.Build.0 = Debug|Any CPU
		{FFDD9D1D-79A1-4990-8126-FC71B1130181}.Release|Any CPU.ActiveCfg = Release|Any CPU
		{FFDD9D1D-79A1-4990-8126-FC71B1130181}.Release|Any CPU.Build.0 = Release|Any CPU
	EndGlobalSection
	GlobalSection(SolutionProperties) = preSolution
		HideSolutionNode = FALSE
	EndGlobalSection
	GlobalSection(ExtensibilityGlobals) = postSolution
		SolutionGuid = {9B1AD99F-12D3-46E2-8EA5-45ACC15ED40C}
	EndGlobalSection
EndGlobal
