Microsoft Visual Studio Solution File, Format Version 12.00
# Visual Studio Version 17
VisualStudioVersion = 17.5.2.0
MinimumVisualStudioVersion = 10.0.40219.1
Project("{FAE04EC0-301F-11D3-BF4B-00C04F79EFBC}") = "RaptorProject", "RaptorProject.csproj", "{D95AFCB3-E422-452C-EA77-6CD2A3B25CF7}"
EndProject
Global
	GlobalSection(SolutionConfigurationPlatforms) = preSolution
		Debug|Any CPU = Debug|Any CPU
		Release|Any CPU = Release|Any CPU
	EndGlobalSection
	GlobalSection(ProjectConfigurationPlatforms) = postSolution
		{D95AFCB3-E422-452C-EA77-6CD2A3B25CF7}.Debug|Any CPU.ActiveCfg = Debug|Any CPU
		{D95AFCB3-E422-452C-EA77-6CD2A3B25CF7}.Debug|Any CPU.Build.0 = Debug|Any CPU
		{D95AFCB3-E422-452C-EA77-6CD2A3B25CF7}.Release|Any CPU.ActiveCfg = Release|Any CPU
		{D95AFCB3-E422-452C-EA77-6CD2A3B25CF7}.Release|Any CPU.Build.0 = Release|Any CPU
	EndGlobalSection
	GlobalSection(SolutionProperties) = preSolution
		HideSolutionNode = FALSE
	EndGlobalSection
	GlobalSection(ExtensibilityGlobals) = postSolution
		SolutionGuid = {D4FE2938-DAA6-48BA-A47F-E7C242D49104}
	EndGlobalSection
EndGlobal
